
Microsoft Visual Studio Solution File, Format Version 12.00
# Visual Studio Version 17
VisualStudioVersion = 17.8.34525.116
MinimumVisualStudioVersion = 10.0.40219.1
Project("{FAE04EC0-301F-11D3-BF4B-00C04F79EFBC}") = "Lab3.kruchinina.var22", "Lab3.kruchinina.var22\Lab3.kruchinina.var22.csproj", "{282CD578-E884-47F9-894B-11735F201C0E}"
EndProject
Global
	GlobalSection(SolutionConfigurationPlatforms) = preSolution
		Debug|Any CPU = Debug|Any CPU
		Release|Any CPU = Release|Any CPU
	EndGlobalSection
	GlobalSection(ProjectConfigurationPlatforms) = postSolution
		{282CD578-E884-47F9-894B-11735F201C0E}.Debug|Any CPU.ActiveCfg = Debug|Any CPU
		{282CD578-E884-47F9-894B-11735F201C0E}.Debug|Any CPU.Build.0 = Debug|Any CPU
		{282CD578-E884-47F9-894B-11735F201C0E}.Release|Any CPU.ActiveCfg = Release|Any CPU
		{282CD578-E884-47F9-894B-11735F201C0E}.Release|Any CPU.Build.0 = Release|Any CPU
	EndGlobalSection
	GlobalSection(SolutionProperties) = preSolution
		HideSolutionNode = FALSE
	EndGlobalSection
	GlobalSection(ExtensibilityGlobals) = postSolution
		SolutionGuid = {4201174B-F936-43E0-BB69-A7262C6C3BBB}
	EndGlobalSection
EndGlobal
